
Microsoft Visual Studio Solution File, Format Version 12.00
# Visual Studio 14
VisualStudioVersion = 14.0.25123.0
MinimumVisualStudioVersion = 10.0.40219.1
Project("{FAE04EC0-301F-11D3-BF4B-00C04F79EFBC}") = "HVCC.Shell", "DXApplication2\HVCC.Shell.csproj", "{349DF3F7-EE36-4FA4-BEAB-2227444497C1}"
EndProject
Project("{FAE04EC0-301F-11D3-BF4B-00C04F79EFBC}") = "HVCC.Shell.Common", "HVCC.Shell.Common\HVCC.Shell.Common.csproj", "{BF7DEBD9-2005-4D96-99D7-76FCE6ADD167}"
EndProject
Global
	GlobalSection(SolutionConfigurationPlatforms) = preSolution
		Debug|Any CPU = Debug|Any CPU
		Release|Any CPU = Release|Any CPU
	EndGlobalSection
	GlobalSection(ProjectConfigurationPlatforms) = postSolution
		{349DF3F7-EE36-4FA4-BEAB-2227444497C1}.Debug|Any CPU.ActiveCfg = Debug|Any CPU
		{349DF3F7-EE36-4FA4-BEAB-2227444497C1}.Debug|Any CPU.Build.0 = Debug|Any CPU
		{349DF3F7-EE36-4FA4-BEAB-2227444497C1}.Release|Any CPU.ActiveCfg = Release|Any CPU
		{349DF3F7-EE36-4FA4-BEAB-2227444497C1}.Release|Any CPU.Build.0 = Release|Any CPU
		{BF7DEBD9-2005-4D96-99D7-76FCE6ADD167}.Debug|Any CPU.ActiveCfg = Debug|Any CPU
		{BF7DEBD9-2005-4D96-99D7-76FCE6ADD167}.Debug|Any CPU.Build.0 = Debug|Any CPU
		{BF7DEBD9-2005-4D96-99D7-76FCE6ADD167}.Release|Any CPU.ActiveCfg = Release|Any CPU
		{BF7DEBD9-2005-4D96-99D7-76FCE6ADD167}.Release|Any CPU.Build.0 = Release|Any CPU
	EndGlobalSection
	GlobalSection(SolutionProperties) = preSolution
		HideSolutionNode = FALSE
	EndGlobalSection
EndGlobal
